
Microsoft Visual Studio Solution File, Format Version 12.00
# Visual Studio Version 16
VisualStudioVersion = 16.0.30804.86
MinimumVisualStudioVersion = 10.0.40219.1
Project("{2150E333-8FDC-42A3-9474-1A3956D46DE8}") = "Game", "Game", "{3DDBEFFE-B232-4D53-9B64-51C00FA978EB}"
EndProject
Project("{2150E333-8FDC-42A3-9474-1A3956D46DE8}") = "Libraries", "Libraries", "{5854BBEB-C8FB-4BA1-9C99-51121D5212E2}"
EndProject
Project("{8BC9CEB8-8B4A-11D0-8D11-00A0C91BC942}") = "Engine", "..\eng\Windows\Engine\Engine.vcxproj", "{86FA7807-97DD-432B-BAFD-4B8304762DEA}"
	ProjectSection(ProjectDependencies) = postProject
		{3A214E06-B95E-4D61-A291-1F8DF2EC10FD} = {3A214E06-B95E-4D61-A291-1F8DF2EC10FD}
		{664E6F0D-6784-4760-9565-D54F8EB1EDF4} = {664E6F0D-6784-4760-9565-D54F8EB1EDF4}
		{D5351A20-F2C3-4FFE-A1F8-1F4FD46D4A05} = {D5351A20-F2C3-4FFE-A1F8-1F4FD46D4A05}
		{CEBDE98B-A6AA-46E6-BC79-FAAF823DB9EC} = {CEBDE98B-A6AA-46E6-BC79-FAAF823DB9EC}
		{81CE8DAF-EBB2-4761-8E45-B71ABCCA8C68} = {81CE8DAF-EBB2-4761-8E45-B71ABCCA8C68}
		{B39ED2B3-D53A-4077-B957-930979A3577D} = {B39ED2B3-D53A-4077-B957-930979A3577D}
		{2D5343E1-C4C3-43FB-AB12-234001B3F5DD} = {2D5343E1-C4C3-43FB-AB12-234001B3F5DD}
		{15CBFEFF-7965-41F5-B4E2-21E8795C9159} = {15CBFEFF-7965-41F5-B4E2-21E8795C9159}
	EndProjectSection
EndProject
Project("{2150E333-8FDC-42A3-9474-1A3956D46DE8}") = "Engine", "Engine", "{24509570-45D6-4A8C-AED4-D1790B3251E1}"
EndProject
Project("{8BC9CEB8-8B4A-11D0-8D11-00A0C91BC942}") = "BuildShaders", "..\eng\Windows\BuildShaders\BuildShaders.vcxproj", "{2D5343E1-C4C3-43FB-AB12-234001B3F5DD}"
EndProject
Project("{2150E333-8FDC-42A3-9474-1A3956D46DE8}") = "Libraries", "Libraries", "{68313025-5AAE-4BD8-A023-76A0994771AF}"
EndProject
Project("{8BC9CEB8-8B4A-11D0-8D11-00A0C91BC942}") = "FreeImage", "..\eng\Libraries\FreeImage3180\FreeImage.2017.vcxproj", "{B39ED2B3-D53A-4077-B957-930979A3577D}"
EndProject
Project("{8BC9CEB8-8B4A-11D0-8D11-00A0C91BC942}") = "libogg_static", "..\eng\Libraries\libogg-1.3.3\win32\VS2015\libogg_static.vcxproj", "{15CBFEFF-7965-41F5-B4E2-21E8795C9159}"
EndProject
Project("{8BC9CEB8-8B4A-11D0-8D11-00A0C91BC942}") = "libvorbisfile", "..\eng\Libraries\libvorbis-1.3.6\win32\VS2010\libvorbisfile\libvorbisfile_static.vcxproj", "{CEBDE98B-A6AA-46E6-BC79-FAAF823DB9EC}"
EndProject
Project("{8BC9CEB8-8B4A-11D0-8D11-00A0C91BC942}") = "SDL2", "..\eng\Libraries\SDL2-2.0.9\VisualC\SDL\SDL.vcxproj", "{81CE8DAF-EBB2-4761-8E45-B71ABCCA8C68}"
EndProject
Project("{8BC9CEB8-8B4A-11D0-8D11-00A0C91BC942}") = "libvorbis_static", "..\eng\Libraries\libvorbis-1.3.6\win32\VS2010\libvorbis\libvorbis_static.vcxproj", "{3A214E06-B95E-4D61-A291-1F8DF2EC10FD}"
EndProject
Project("{2150E333-8FDC-42A3-9474-1A3956D46DE8}") = "FreeImage Sublibraries", "FreeImage Sublibraries", "{200D16DB-7F47-427D-8811-238DF31C5FF5}"
EndProject
Project("{8BC9CEB8-8B4A-11D0-8D11-00A0C91BC942}") = "ZLib", "..\eng\Libraries\FreeImage3180\Source\ZLib\ZLib.2017.vcxproj", "{33134F61-C1AD-4B6F-9CEA-503A9F140C52}"
EndProject
Project("{8BC9CEB8-8B4A-11D0-8D11-00A0C91BC942}") = "LibJPEG", "..\eng\Libraries\FreeImage3180\Source\LibJPEG\LibJPEG.2017.vcxproj", "{5E1D4E5F-E10C-4BA3-B663-F33014FD21D9}"
EndProject
Project("{8BC9CEB8-8B4A-11D0-8D11-00A0C91BC942}") = "LibPNG", "..\eng\Libraries\FreeImage3180\Source\LibPNG\LibPNG.2017.vcxproj", "{7DB10B50-CE00-4D7A-B322-6824F05D2FCB}"
EndProject
Project("{8BC9CEB8-8B4A-11D0-8D11-00A0C91BC942}") = "Stairs", "stairs.vcxproj", "{3A4B2002-761E-48FB-B168-2041795C458F}"
	ProjectSection(ProjectDependencies) = postProject
		{86FA7807-97DD-432B-BAFD-4B8304762DEA} = {86FA7807-97DD-432B-BAFD-4B8304762DEA}
	EndProjectSection
EndProject
Project("{8BC9CEB8-8B4A-11D0-8D11-00A0C91BC942}") = "glew_static", "..\eng\Libraries\glew-2.1.0\build\vc12\glew_static.vcxproj", "{664E6F0D-6784-4760-9565-D54F8EB1EDF4}"
EndProject
Project("{8BC9CEB8-8B4A-11D0-8D11-00A0C91BC942}") = "spirv_reflect", "..\eng\Libraries\SPIRV-Reflect\windows\spirv_reflect.vcxproj", "{D5351A20-F2C3-4FFE-A1F8-1F4FD46D4A05}"
EndProject
Global
	GlobalSection(SolutionConfigurationPlatforms) = preSolution
		Debug|x64 = Debug|x64
		Debug|x86 = Debug|x86
		Release|x64 = Release|x64
		Release|x86 = Release|x86
	EndGlobalSection
	GlobalSection(ProjectConfigurationPlatforms) = postSolution
		{86FA7807-97DD-432B-BAFD-4B8304762DEA}.Debug|x64.ActiveCfg = Debug|x64
		{86FA7807-97DD-432B-BAFD-4B8304762DEA}.Debug|x64.Build.0 = Debug|x64
		{86FA7807-97DD-432B-BAFD-4B8304762DEA}.Debug|x86.ActiveCfg = Debug|Win32
		{86FA7807-97DD-432B-BAFD-4B8304762DEA}.Debug|x86.Build.0 = Debug|Win32
		{86FA7807-97DD-432B-BAFD-4B8304762DEA}.Release|x64.ActiveCfg = Release|x64
		{86FA7807-97DD-432B-BAFD-4B8304762DEA}.Release|x64.Build.0 = Release|x64
		{86FA7807-97DD-432B-BAFD-4B8304762DEA}.Release|x86.ActiveCfg = Release|Win32
		{86FA7807-97DD-432B-BAFD-4B8304762DEA}.Release|x86.Build.0 = Release|Win32
		{2D5343E1-C4C3-43FB-AB12-234001B3F5DD}.Debug|x64.ActiveCfg = Debug|x64
		{2D5343E1-C4C3-43FB-AB12-234001B3F5DD}.Debug|x64.Build.0 = Debug|x64
		{2D5343E1-C4C3-43FB-AB12-234001B3F5DD}.Debug|x86.ActiveCfg = Debug|Win32
		{2D5343E1-C4C3-43FB-AB12-234001B3F5DD}.Debug|x86.Build.0 = Debug|Win32
		{2D5343E1-C4C3-43FB-AB12-234001B3F5DD}.Release|x64.ActiveCfg = Release|x64
		{2D5343E1-C4C3-43FB-AB12-234001B3F5DD}.Release|x64.Build.0 = Release|x64
		{2D5343E1-C4C3-43FB-AB12-234001B3F5DD}.Release|x86.ActiveCfg = Release|Win32
		{2D5343E1-C4C3-43FB-AB12-234001B3F5DD}.Release|x86.Build.0 = Release|Win32
		{B39ED2B3-D53A-4077-B957-930979A3577D}.Debug|x64.ActiveCfg = Debug|x64
		{B39ED2B3-D53A-4077-B957-930979A3577D}.Debug|x64.Build.0 = Debug|x64
		{B39ED2B3-D53A-4077-B957-930979A3577D}.Debug|x86.ActiveCfg = Debug|Win32
		{B39ED2B3-D53A-4077-B957-930979A3577D}.Debug|x86.Build.0 = Debug|Win32
		{B39ED2B3-D53A-4077-B957-930979A3577D}.Release|x64.ActiveCfg = Release|x64
		{B39ED2B3-D53A-4077-B957-930979A3577D}.Release|x64.Build.0 = Release|x64
		{B39ED2B3-D53A-4077-B957-930979A3577D}.Release|x86.ActiveCfg = Release|Win32
		{B39ED2B3-D53A-4077-B957-930979A3577D}.Release|x86.Build.0 = Release|Win32
		{15CBFEFF-7965-41F5-B4E2-21E8795C9159}.Debug|x64.ActiveCfg = Debug|x64
		{15CBFEFF-7965-41F5-B4E2-21E8795C9159}.Debug|x64.Build.0 = Debug|x64
		{15CBFEFF-7965-41F5-B4E2-21E8795C9159}.Debug|x86.ActiveCfg = Debug|Win32
		{15CBFEFF-7965-41F5-B4E2-21E8795C9159}.Debug|x86.Build.0 = Debug|Win32
		{15CBFEFF-7965-41F5-B4E2-21E8795C9159}.Release|x64.ActiveCfg = Release|x64
		{15CBFEFF-7965-41F5-B4E2-21E8795C9159}.Release|x64.Build.0 = Release|x64
		{15CBFEFF-7965-41F5-B4E2-21E8795C9159}.Release|x86.ActiveCfg = Release|Win32
		{15CBFEFF-7965-41F5-B4E2-21E8795C9159}.Release|x86.Build.0 = Release|Win32
		{CEBDE98B-A6AA-46E6-BC79-FAAF823DB9EC}.Debug|x64.ActiveCfg = Debug|x64
		{CEBDE98B-A6AA-46E6-BC79-FAAF823DB9EC}.Debug|x64.Build.0 = Debug|x64
		{CEBDE98B-A6AA-46E6-BC79-FAAF823DB9EC}.Debug|x86.ActiveCfg = Debug|Win32
		{CEBDE98B-A6AA-46E6-BC79-FAAF823DB9EC}.Debug|x86.Build.0 = Debug|Win32
		{CEBDE98B-A6AA-46E6-BC79-FAAF823DB9EC}.Release|x64.ActiveCfg = Release|x64
		{CEBDE98B-A6AA-46E6-BC79-FAAF823DB9EC}.Release|x64.Build.0 = Release|x64
		{CEBDE98B-A6AA-46E6-BC79-FAAF823DB9EC}.Release|x86.ActiveCfg = Release|Win32
		{CEBDE98B-A6AA-46E6-BC79-FAAF823DB9EC}.Release|x86.Build.0 = Release|Win32
		{81CE8DAF-EBB2-4761-8E45-B71ABCCA8C68}.Debug|x64.ActiveCfg = Debug|x64
		{81CE8DAF-EBB2-4761-8E45-B71ABCCA8C68}.Debug|x64.Build.0 = Debug|x64
		{81CE8DAF-EBB2-4761-8E45-B71ABCCA8C68}.Debug|x86.ActiveCfg = Debug|Win32
		{81CE8DAF-EBB2-4761-8E45-B71ABCCA8C68}.Debug|x86.Build.0 = Debug|Win32
		{81CE8DAF-EBB2-4761-8E45-B71ABCCA8C68}.Release|x64.ActiveCfg = Release|x64
		{81CE8DAF-EBB2-4761-8E45-B71ABCCA8C68}.Release|x64.Build.0 = Release|x64
		{81CE8DAF-EBB2-4761-8E45-B71ABCCA8C68}.Release|x86.ActiveCfg = Release|Win32
		{81CE8DAF-EBB2-4761-8E45-B71ABCCA8C68}.Release|x86.Build.0 = Release|Win32
		{3A214E06-B95E-4D61-A291-1F8DF2EC10FD}.Debug|x64.ActiveCfg = Debug|x64
		{3A214E06-B95E-4D61-A291-1F8DF2EC10FD}.Debug|x64.Build.0 = Debug|x64
		{3A214E06-B95E-4D61-A291-1F8DF2EC10FD}.Debug|x86.ActiveCfg = Debug|Win32
		{3A214E06-B95E-4D61-A291-1F8DF2EC10FD}.Debug|x86.Build.0 = Debug|Win32
		{3A214E06-B95E-4D61-A291-1F8DF2EC10FD}.Release|x64.ActiveCfg = Release|x64
		{3A214E06-B95E-4D61-A291-1F8DF2EC10FD}.Release|x64.Build.0 = Release|x64
		{3A214E06-B95E-4D61-A291-1F8DF2EC10FD}.Release|x86.ActiveCfg = Release|Win32
		{3A214E06-B95E-4D61-A291-1F8DF2EC10FD}.Release|x86.Build.0 = Release|Win32
		{33134F61-C1AD-4B6F-9CEA-503A9F140C52}.Debug|x64.ActiveCfg = Debug|x64
		{33134F61-C1AD-4B6F-9CEA-503A9F140C52}.Debug|x64.Build.0 = Debug|x64
		{33134F61-C1AD-4B6F-9CEA-503A9F140C52}.Debug|x86.ActiveCfg = Debug|Win32
		{33134F61-C1AD-4B6F-9CEA-503A9F140C52}.Debug|x86.Build.0 = Debug|Win32
		{33134F61-C1AD-4B6F-9CEA-503A9F140C52}.Release|x64.ActiveCfg = Release|x64
		{33134F61-C1AD-4B6F-9CEA-503A9F140C52}.Release|x64.Build.0 = Release|x64
		{33134F61-C1AD-4B6F-9CEA-503A9F140C52}.Release|x86.ActiveCfg = Release|Win32
		{33134F61-C1AD-4B6F-9CEA-503A9F140C52}.Release|x86.Build.0 = Release|Win32
		{5E1D4E5F-E10C-4BA3-B663-F33014FD21D9}.Debug|x64.ActiveCfg = Debug|x64
		{5E1D4E5F-E10C-4BA3-B663-F33014FD21D9}.Debug|x64.Build.0 = Debug|x64
		{5E1D4E5F-E10C-4BA3-B663-F33014FD21D9}.Debug|x86.ActiveCfg = Debug|Win32
		{5E1D4E5F-E10C-4BA3-B663-F33014FD21D9}.Debug|x86.Build.0 = Debug|Win32
		{5E1D4E5F-E10C-4BA3-B663-F33014FD21D9}.Release|x64.ActiveCfg = Release|x64
		{5E1D4E5F-E10C-4BA3-B663-F33014FD21D9}.Release|x64.Build.0 = Release|x64
		{5E1D4E5F-E10C-4BA3-B663-F33014FD21D9}.Release|x86.ActiveCfg = Release|Win32
		{5E1D4E5F-E10C-4BA3-B663-F33014FD21D9}.Release|x86.Build.0 = Release|Win32
		{7DB10B50-CE00-4D7A-B322-6824F05D2FCB}.Debug|x64.ActiveCfg = Debug|x64
		{7DB10B50-CE00-4D7A-B322-6824F05D2FCB}.Debug|x64.Build.0 = Debug|x64
		{7DB10B50-CE00-4D7A-B322-6824F05D2FCB}.Debug|x86.ActiveCfg = Debug|Win32
		{7DB10B50-CE00-4D7A-B322-6824F05D2FCB}.Debug|x86.Build.0 = Debug|Win32
		{7DB10B50-CE00-4D7A-B322-6824F05D2FCB}.Release|x64.ActiveCfg = Release|x64
		{7DB10B50-CE00-4D7A-B322-6824F05D2FCB}.Release|x64.Build.0 = Release|x64
		{7DB10B50-CE00-4D7A-B322-6824F05D2FCB}.Release|x86.ActiveCfg = Release|Win32
		{7DB10B50-CE00-4D7A-B322-6824F05D2FCB}.Release|x86.Build.0 = Release|Win32
		{3A4B2002-761E-48FB-B168-2041795C458F}.Debug|x64.ActiveCfg = Debug|x64
		{3A4B2002-761E-48FB-B168-2041795C458F}.Debug|x64.Build.0 = Debug|x64
		{3A4B2002-761E-48FB-B168-2041795C458F}.Debug|x86.ActiveCfg = Debug|Win32
		{3A4B2002-761E-48FB-B168-2041795C458F}.Debug|x86.Build.0 = Debug|Win32
		{3A4B2002-761E-48FB-B168-2041795C458F}.Release|x64.ActiveCfg = Release|x64
		{3A4B2002-761E-48FB-B168-2041795C458F}.Release|x64.Build.0 = Release|x64
		{3A4B2002-761E-48FB-B168-2041795C458F}.Release|x86.ActiveCfg = Release|Win32
		{3A4B2002-761E-48FB-B168-2041795C458F}.Release|x86.Build.0 = Release|Win32
		{664E6F0D-6784-4760-9565-D54F8EB1EDF4}.Debug|x64.ActiveCfg = Debug|x64
		{664E6F0D-6784-4760-9565-D54F8EB1EDF4}.Debug|x64.Build.0 = Debug|x64
		{664E6F0D-6784-4760-9565-D54F8EB1EDF4}.Debug|x86.ActiveCfg = Debug|Win32
		{664E6F0D-6784-4760-9565-D54F8EB1EDF4}.Debug|x86.Build.0 = Debug|Win32
		{664E6F0D-6784-4760-9565-D54F8EB1EDF4}.Release|x64.ActiveCfg = Release|x64
		{664E6F0D-6784-4760-9565-D54F8EB1EDF4}.Release|x64.Build.0 = Release|x64
		{664E6F0D-6784-4760-9565-D54F8EB1EDF4}.Release|x86.ActiveCfg = Release|Win32
		{664E6F0D-6784-4760-9565-D54F8EB1EDF4}.Release|x86.Build.0 = Release|Win32
		{D5351A20-F2C3-4FFE-A1F8-1F4FD46D4A05}.Debug|x64.ActiveCfg = Debug|x64
		{D5351A20-F2C3-4FFE-A1F8-1F4FD46D4A05}.Debug|x64.Build.0 = Debug|x64
		{D5351A20-F2C3-4FFE-A1F8-1F4FD46D4A05}.Debug|x86.ActiveCfg = Debug|Win32
		{D5351A20-F2C3-4FFE-A1F8-1F4FD46D4A05}.Debug|x86.Build.0 = Debug|Win32
		{D5351A20-F2C3-4FFE-A1F8-1F4FD46D4A05}.Release|x64.ActiveCfg = Release|x64
		{D5351A20-F2C3-4FFE-A1F8-1F4FD46D4A05}.Release|x64.Build.0 = Release|x64
		{D5351A20-F2C3-4FFE-A1F8-1F4FD46D4A05}.Release|x86.ActiveCfg = Release|Win32
		{D5351A20-F2C3-4FFE-A1F8-1F4FD46D4A05}.Release|x86.Build.0 = Release|Win32
	EndGlobalSection
	GlobalSection(SolutionProperties) = preSolution
		HideSolutionNode = FALSE
	EndGlobalSection
	GlobalSection(NestedProjects) = preSolution
		{86FA7807-97DD-432B-BAFD-4B8304762DEA} = {24509570-45D6-4A8C-AED4-D1790B3251E1}
		{2D5343E1-C4C3-43FB-AB12-234001B3F5DD} = {24509570-45D6-4A8C-AED4-D1790B3251E1}
		{68313025-5AAE-4BD8-A023-76A0994771AF} = {24509570-45D6-4A8C-AED4-D1790B3251E1}
		{B39ED2B3-D53A-4077-B957-930979A3577D} = {68313025-5AAE-4BD8-A023-76A0994771AF}
		{15CBFEFF-7965-41F5-B4E2-21E8795C9159} = {68313025-5AAE-4BD8-A023-76A0994771AF}
		{CEBDE98B-A6AA-46E6-BC79-FAAF823DB9EC} = {68313025-5AAE-4BD8-A023-76A0994771AF}
		{81CE8DAF-EBB2-4761-8E45-B71ABCCA8C68} = {68313025-5AAE-4BD8-A023-76A0994771AF}
		{3A214E06-B95E-4D61-A291-1F8DF2EC10FD} = {68313025-5AAE-4BD8-A023-76A0994771AF}
		{200D16DB-7F47-427D-8811-238DF31C5FF5} = {68313025-5AAE-4BD8-A023-76A0994771AF}
		{33134F61-C1AD-4B6F-9CEA-503A9F140C52} = {200D16DB-7F47-427D-8811-238DF31C5FF5}
		{5E1D4E5F-E10C-4BA3-B663-F33014FD21D9} = {200D16DB-7F47-427D-8811-238DF31C5FF5}
		{7DB10B50-CE00-4D7A-B322-6824F05D2FCB} = {200D16DB-7F47-427D-8811-238DF31C5FF5}
		{3A4B2002-761E-48FB-B168-2041795C458F} = {3DDBEFFE-B232-4D53-9B64-51C00FA978EB}
		{664E6F0D-6784-4760-9565-D54F8EB1EDF4} = {68313025-5AAE-4BD8-A023-76A0994771AF}
		{D5351A20-F2C3-4FFE-A1F8-1F4FD46D4A05} = {68313025-5AAE-4BD8-A023-76A0994771AF}
	EndGlobalSection
	GlobalSection(ExtensibilityGlobals) = postSolution
		SolutionGuid = {587B9C95-1550-4004-A3BE-AEAE914FD763}
	EndGlobalSection
EndGlobal
