
Microsoft Visual Studio Solution File, Format Version 12.00
# Visual Studio Version 16
VisualStudioVersion = 16.0.30804.86
MinimumVisualStudioVersion = 10.0.40219.1
Project("{2150E333-8FDC-42A3-9474-1A3956D46DE8}") = "Game", "Game", "{3DDBEFFE-B232-4D53-9B64-51C00FA978EB}"
EndProject
Project("{8BC9CEB8-8B4A-11D0-8D11-00A0C91BC942}") = "Engine", "..\eng\Windows\Engine\Engine.vcxproj", "{86FA7807-97DD-432B-BAFD-4B8304762DEA}"
	ProjectSection(ProjectDependencies) = postProject
		{3A84BF6D-4447-4AC4-8B18-4CEEF5B45D7E} = {3A84BF6D-4447-4AC4-8B18-4CEEF5B45D7E}
		{81CE8DAF-EBB2-4761-8E45-B71ABCCA8C68} = {81CE8DAF-EBB2-4761-8E45-B71ABCCA8C68}
		{2D5343E1-C4C3-43FB-AB12-234001B3F5DD} = {2D5343E1-C4C3-43FB-AB12-234001B3F5DD}
	EndProjectSection
EndProject
Project("{2150E333-8FDC-42A3-9474-1A3956D46DE8}") = "Engine", "Engine", "{24509570-45D6-4A8C-AED4-D1790B3251E1}"
EndProject
Project("{8BC9CEB8-8B4A-11D0-8D11-00A0C91BC942}") = "BuildShaders", "..\eng\Windows\BuildShaders\BuildShaders.vcxproj", "{2D5343E1-C4C3-43FB-AB12-234001B3F5DD}"
EndProject
Project("{2150E333-8FDC-42A3-9474-1A3956D46DE8}") = "Libraries", "Libraries", "{68313025-5AAE-4BD8-A023-76A0994771AF}"
EndProject
Project("{8BC9CEB8-8B4A-11D0-8D11-00A0C91BC942}") = "JW", "stairs.vcxproj", "{3A4B2002-761E-48FB-B168-2041795C458F}"
	ProjectSection(ProjectDependencies) = postProject
		{86FA7807-97DD-432B-BAFD-4B8304762DEA} = {86FA7807-97DD-432B-BAFD-4B8304762DEA}
	EndProjectSection
EndProject
Project("{8BC9CEB8-8B4A-11D0-8D11-00A0C91BC942}") = "glad", "..\eng\Libraries\glad\glad.vcxproj", "{3A84BF6D-4447-4AC4-8B18-4CEEF5B45D7E}"
EndProject
Project("{8BC9CEB8-8B4A-11D0-8D11-00A0C91BC942}") = "SDL2", "..\eng\Libraries\SDL2\VisualC\SDL\SDL.vcxproj", "{81CE8DAF-EBB2-4761-8E45-B71ABCCA8C68}"
EndProject
Project("{8BC9CEB8-8B4A-11D0-8D11-00A0C91BC942}") = "spirv-reflect", "..\eng\Libraries\SPIRV-Reflect\spirv-reflect.vcxproj", "{136D1784-CEE1-3B33-A76C-B98F9E6A992B}"
EndProject
Project("{8BC9CEB8-8B4A-11D0-8D11-00A0C91BC942}") = "UnicodeGenerator", "..\eng\Windows\UnicodeGenerator\UnicodeGenerator.vcxproj", "{6C590CEF-BAF6-4364-B8AF-CEAD1EA02911}"
	ProjectSection(ProjectDependencies) = postProject
		{86FA7807-97DD-432B-BAFD-4B8304762DEA} = {86FA7807-97DD-432B-BAFD-4B8304762DEA}
	EndProjectSection
EndProject
Global
	GlobalSection(SolutionConfigurationPlatforms) = preSolution
		Debug|x64 = Debug|x64
		Debug|x86 = Debug|x86
		MinSizeRel|x64 = MinSizeRel|x64
		MinSizeRel|x86 = MinSizeRel|x86
		Release|x64 = Release|x64
		Release|x86 = Release|x86
		RelWithDebInfo|x64 = RelWithDebInfo|x64
		RelWithDebInfo|x86 = RelWithDebInfo|x86
	EndGlobalSection
	GlobalSection(ProjectConfigurationPlatforms) = postSolution
		{86FA7807-97DD-432B-BAFD-4B8304762DEA}.Debug|x64.ActiveCfg = Debug|x64
		{86FA7807-97DD-432B-BAFD-4B8304762DEA}.Debug|x64.Build.0 = Debug|x64
		{86FA7807-97DD-432B-BAFD-4B8304762DEA}.Debug|x86.ActiveCfg = Debug|Win32
		{86FA7807-97DD-432B-BAFD-4B8304762DEA}.Debug|x86.Build.0 = Debug|Win32
		{86FA7807-97DD-432B-BAFD-4B8304762DEA}.MinSizeRel|x64.ActiveCfg = Release|x64
		{86FA7807-97DD-432B-BAFD-4B8304762DEA}.MinSizeRel|x64.Build.0 = Release|x64
		{86FA7807-97DD-432B-BAFD-4B8304762DEA}.MinSizeRel|x86.ActiveCfg = Release|Win32
		{86FA7807-97DD-432B-BAFD-4B8304762DEA}.MinSizeRel|x86.Build.0 = Release|Win32
		{86FA7807-97DD-432B-BAFD-4B8304762DEA}.Release|x64.ActiveCfg = Release|x64
		{86FA7807-97DD-432B-BAFD-4B8304762DEA}.Release|x64.Build.0 = Release|x64
		{86FA7807-97DD-432B-BAFD-4B8304762DEA}.Release|x86.ActiveCfg = Release|Win32
		{86FA7807-97DD-432B-BAFD-4B8304762DEA}.Release|x86.Build.0 = Release|Win32
		{86FA7807-97DD-432B-BAFD-4B8304762DEA}.RelWithDebInfo|x64.ActiveCfg = Release|x64
		{86FA7807-97DD-432B-BAFD-4B8304762DEA}.RelWithDebInfo|x64.Build.0 = Release|x64
		{86FA7807-97DD-432B-BAFD-4B8304762DEA}.RelWithDebInfo|x86.ActiveCfg = Release|Win32
		{86FA7807-97DD-432B-BAFD-4B8304762DEA}.RelWithDebInfo|x86.Build.0 = Release|Win32
		{2D5343E1-C4C3-43FB-AB12-234001B3F5DD}.Debug|x64.ActiveCfg = Debug|x64
		{2D5343E1-C4C3-43FB-AB12-234001B3F5DD}.Debug|x64.Build.0 = Debug|x64
		{2D5343E1-C4C3-43FB-AB12-234001B3F5DD}.Debug|x86.ActiveCfg = Debug|Win32
		{2D5343E1-C4C3-43FB-AB12-234001B3F5DD}.Debug|x86.Build.0 = Debug|Win32
		{2D5343E1-C4C3-43FB-AB12-234001B3F5DD}.MinSizeRel|x64.ActiveCfg = Release|x64
		{2D5343E1-C4C3-43FB-AB12-234001B3F5DD}.MinSizeRel|x64.Build.0 = Release|x64
		{2D5343E1-C4C3-43FB-AB12-234001B3F5DD}.MinSizeRel|x86.ActiveCfg = Release|Win32
		{2D5343E1-C4C3-43FB-AB12-234001B3F5DD}.MinSizeRel|x86.Build.0 = Release|Win32
		{2D5343E1-C4C3-43FB-AB12-234001B3F5DD}.Release|x64.ActiveCfg = Release|x64
		{2D5343E1-C4C3-43FB-AB12-234001B3F5DD}.Release|x64.Build.0 = Release|x64
		{2D5343E1-C4C3-43FB-AB12-234001B3F5DD}.Release|x86.ActiveCfg = Release|Win32
		{2D5343E1-C4C3-43FB-AB12-234001B3F5DD}.Release|x86.Build.0 = Release|Win32
		{2D5343E1-C4C3-43FB-AB12-234001B3F5DD}.RelWithDebInfo|x64.ActiveCfg = Release|x64
		{2D5343E1-C4C3-43FB-AB12-234001B3F5DD}.RelWithDebInfo|x64.Build.0 = Release|x64
		{2D5343E1-C4C3-43FB-AB12-234001B3F5DD}.RelWithDebInfo|x86.ActiveCfg = Release|Win32
		{2D5343E1-C4C3-43FB-AB12-234001B3F5DD}.RelWithDebInfo|x86.Build.0 = Release|Win32
		{3A4B2002-761E-48FB-B168-2041795C458F}.Debug|x64.ActiveCfg = Debug|x64
		{3A4B2002-761E-48FB-B168-2041795C458F}.Debug|x64.Build.0 = Debug|x64
		{3A4B2002-761E-48FB-B168-2041795C458F}.Debug|x86.ActiveCfg = Debug|Win32
		{3A4B2002-761E-48FB-B168-2041795C458F}.Debug|x86.Build.0 = Debug|Win32
		{3A4B2002-761E-48FB-B168-2041795C458F}.MinSizeRel|x64.ActiveCfg = Release|x64
		{3A4B2002-761E-48FB-B168-2041795C458F}.MinSizeRel|x64.Build.0 = Release|x64
		{3A4B2002-761E-48FB-B168-2041795C458F}.MinSizeRel|x86.ActiveCfg = Release|Win32
		{3A4B2002-761E-48FB-B168-2041795C458F}.MinSizeRel|x86.Build.0 = Release|Win32
		{3A4B2002-761E-48FB-B168-2041795C458F}.Release|x64.ActiveCfg = Release|x64
		{3A4B2002-761E-48FB-B168-2041795C458F}.Release|x64.Build.0 = Release|x64
		{3A4B2002-761E-48FB-B168-2041795C458F}.Release|x86.ActiveCfg = Release|Win32
		{3A4B2002-761E-48FB-B168-2041795C458F}.Release|x86.Build.0 = Release|Win32
		{3A4B2002-761E-48FB-B168-2041795C458F}.RelWithDebInfo|x64.ActiveCfg = Release|x64
		{3A4B2002-761E-48FB-B168-2041795C458F}.RelWithDebInfo|x64.Build.0 = Release|x64
		{3A4B2002-761E-48FB-B168-2041795C458F}.RelWithDebInfo|x86.ActiveCfg = Release|Win32
		{3A4B2002-761E-48FB-B168-2041795C458F}.RelWithDebInfo|x86.Build.0 = Release|Win32
		{3A84BF6D-4447-4AC4-8B18-4CEEF5B45D7E}.Debug|x64.ActiveCfg = Debug|x64
		{3A84BF6D-4447-4AC4-8B18-4CEEF5B45D7E}.Debug|x64.Build.0 = Debug|x64
		{3A84BF6D-4447-4AC4-8B18-4CEEF5B45D7E}.Debug|x86.ActiveCfg = Debug|Win32
		{3A84BF6D-4447-4AC4-8B18-4CEEF5B45D7E}.Debug|x86.Build.0 = Debug|Win32
		{3A84BF6D-4447-4AC4-8B18-4CEEF5B45D7E}.MinSizeRel|x64.ActiveCfg = Release|x64
		{3A84BF6D-4447-4AC4-8B18-4CEEF5B45D7E}.MinSizeRel|x64.Build.0 = Release|x64
		{3A84BF6D-4447-4AC4-8B18-4CEEF5B45D7E}.MinSizeRel|x86.ActiveCfg = Release|Win32
		{3A84BF6D-4447-4AC4-8B18-4CEEF5B45D7E}.MinSizeRel|x86.Build.0 = Release|Win32
		{3A84BF6D-4447-4AC4-8B18-4CEEF5B45D7E}.Release|x64.ActiveCfg = Release|x64
		{3A84BF6D-4447-4AC4-8B18-4CEEF5B45D7E}.Release|x64.Build.0 = Release|x64
		{3A84BF6D-4447-4AC4-8B18-4CEEF5B45D7E}.Release|x86.ActiveCfg = Release|Win32
		{3A84BF6D-4447-4AC4-8B18-4CEEF5B45D7E}.Release|x86.Build.0 = Release|Win32
		{3A84BF6D-4447-4AC4-8B18-4CEEF5B45D7E}.RelWithDebInfo|x64.ActiveCfg = Release|x64
		{3A84BF6D-4447-4AC4-8B18-4CEEF5B45D7E}.RelWithDebInfo|x64.Build.0 = Release|x64
		{3A84BF6D-4447-4AC4-8B18-4CEEF5B45D7E}.RelWithDebInfo|x86.ActiveCfg = Release|Win32
		{3A84BF6D-4447-4AC4-8B18-4CEEF5B45D7E}.RelWithDebInfo|x86.Build.0 = Release|Win32
		{81CE8DAF-EBB2-4761-8E45-B71ABCCA8C68}.Debug|x64.ActiveCfg = Debug|x64
		{81CE8DAF-EBB2-4761-8E45-B71ABCCA8C68}.Debug|x64.Build.0 = Debug|x64
		{81CE8DAF-EBB2-4761-8E45-B71ABCCA8C68}.Debug|x86.ActiveCfg = Debug|Win32
		{81CE8DAF-EBB2-4761-8E45-B71ABCCA8C68}.Debug|x86.Build.0 = Debug|Win32
		{81CE8DAF-EBB2-4761-8E45-B71ABCCA8C68}.MinSizeRel|x64.ActiveCfg = Release|x64
		{81CE8DAF-EBB2-4761-8E45-B71ABCCA8C68}.MinSizeRel|x64.Build.0 = Release|x64
		{81CE8DAF-EBB2-4761-8E45-B71ABCCA8C68}.MinSizeRel|x86.ActiveCfg = Release|Win32
		{81CE8DAF-EBB2-4761-8E45-B71ABCCA8C68}.MinSizeRel|x86.Build.0 = Release|Win32
		{81CE8DAF-EBB2-4761-8E45-B71ABCCA8C68}.Release|x64.ActiveCfg = Release|x64
		{81CE8DAF-EBB2-4761-8E45-B71ABCCA8C68}.Release|x64.Build.0 = Release|x64
		{81CE8DAF-EBB2-4761-8E45-B71ABCCA8C68}.Release|x86.ActiveCfg = Release|Win32
		{81CE8DAF-EBB2-4761-8E45-B71ABCCA8C68}.Release|x86.Build.0 = Release|Win32
		{81CE8DAF-EBB2-4761-8E45-B71ABCCA8C68}.RelWithDebInfo|x64.ActiveCfg = Release|x64
		{81CE8DAF-EBB2-4761-8E45-B71ABCCA8C68}.RelWithDebInfo|x64.Build.0 = Release|x64
		{81CE8DAF-EBB2-4761-8E45-B71ABCCA8C68}.RelWithDebInfo|x86.ActiveCfg = Release|Win32
		{81CE8DAF-EBB2-4761-8E45-B71ABCCA8C68}.RelWithDebInfo|x86.Build.0 = Release|Win32
		{136D1784-CEE1-3B33-A76C-B98F9E6A992B}.Debug|x64.ActiveCfg = Debug|x64
		{136D1784-CEE1-3B33-A76C-B98F9E6A992B}.Debug|x64.Build.0 = Debug|x64
		{136D1784-CEE1-3B33-A76C-B98F9E6A992B}.Debug|x86.ActiveCfg = Debug|x64
		{136D1784-CEE1-3B33-A76C-B98F9E6A992B}.MinSizeRel|x64.ActiveCfg = MinSizeRel|x64
		{136D1784-CEE1-3B33-A76C-B98F9E6A992B}.MinSizeRel|x64.Build.0 = MinSizeRel|x64
		{136D1784-CEE1-3B33-A76C-B98F9E6A992B}.MinSizeRel|x86.ActiveCfg = MinSizeRel|x64
		{136D1784-CEE1-3B33-A76C-B98F9E6A992B}.Release|x64.ActiveCfg = Release|x64
		{136D1784-CEE1-3B33-A76C-B98F9E6A992B}.Release|x64.Build.0 = Release|x64
		{136D1784-CEE1-3B33-A76C-B98F9E6A992B}.Release|x86.ActiveCfg = Release|x64
		{136D1784-CEE1-3B33-A76C-B98F9E6A992B}.RelWithDebInfo|x64.ActiveCfg = RelWithDebInfo|x64
		{136D1784-CEE1-3B33-A76C-B98F9E6A992B}.RelWithDebInfo|x64.Build.0 = RelWithDebInfo|x64
		{136D1784-CEE1-3B33-A76C-B98F9E6A992B}.RelWithDebInfo|x86.ActiveCfg = RelWithDebInfo|x64
		{6C590CEF-BAF6-4364-B8AF-CEAD1EA02911}.Debug|x64.ActiveCfg = Debug|x64
		{6C590CEF-BAF6-4364-B8AF-CEAD1EA02911}.Debug|x64.Build.0 = Debug|x64
		{6C590CEF-BAF6-4364-B8AF-CEAD1EA02911}.Debug|x86.ActiveCfg = Debug|Win32
		{6C590CEF-BAF6-4364-B8AF-CEAD1EA02911}.Debug|x86.Build.0 = Debug|Win32
		{6C590CEF-BAF6-4364-B8AF-CEAD1EA02911}.MinSizeRel|x64.ActiveCfg = Debug|x64
		{6C590CEF-BAF6-4364-B8AF-CEAD1EA02911}.MinSizeRel|x64.Build.0 = Debug|x64
		{6C590CEF-BAF6-4364-B8AF-CEAD1EA02911}.MinSizeRel|x86.ActiveCfg = Debug|Win32
		{6C590CEF-BAF6-4364-B8AF-CEAD1EA02911}.MinSizeRel|x86.Build.0 = Debug|Win32
		{6C590CEF-BAF6-4364-B8AF-CEAD1EA02911}.Release|x64.ActiveCfg = Release|x64
		{6C590CEF-BAF6-4364-B8AF-CEAD1EA02911}.Release|x64.Build.0 = Release|x64
		{6C590CEF-BAF6-4364-B8AF-CEAD1EA02911}.Release|x86.ActiveCfg = Release|Win32
		{6C590CEF-BAF6-4364-B8AF-CEAD1EA02911}.Release|x86.Build.0 = Release|Win32
		{6C590CEF-BAF6-4364-B8AF-CEAD1EA02911}.RelWithDebInfo|x64.ActiveCfg = Release|x64
		{6C590CEF-BAF6-4364-B8AF-CEAD1EA02911}.RelWithDebInfo|x64.Build.0 = Release|x64
		{6C590CEF-BAF6-4364-B8AF-CEAD1EA02911}.RelWithDebInfo|x86.ActiveCfg = Release|Win32
		{6C590CEF-BAF6-4364-B8AF-CEAD1EA02911}.RelWithDebInfo|x86.Build.0 = Release|Win32
	EndGlobalSection
	GlobalSection(SolutionProperties) = preSolution
		HideSolutionNode = FALSE
	EndGlobalSection
	GlobalSection(NestedProjects) = preSolution
		{86FA7807-97DD-432B-BAFD-4B8304762DEA} = {24509570-45D6-4A8C-AED4-D1790B3251E1}
		{2D5343E1-C4C3-43FB-AB12-234001B3F5DD} = {24509570-45D6-4A8C-AED4-D1790B3251E1}
		{68313025-5AAE-4BD8-A023-76A0994771AF} = {24509570-45D6-4A8C-AED4-D1790B3251E1}
		{3A4B2002-761E-48FB-B168-2041795C458F} = {3DDBEFFE-B232-4D53-9B64-51C00FA978EB}
		{3A84BF6D-4447-4AC4-8B18-4CEEF5B45D7E} = {68313025-5AAE-4BD8-A023-76A0994771AF}
		{81CE8DAF-EBB2-4761-8E45-B71ABCCA8C68} = {68313025-5AAE-4BD8-A023-76A0994771AF}
		{136D1784-CEE1-3B33-A76C-B98F9E6A992B} = {68313025-5AAE-4BD8-A023-76A0994771AF}
		{6C590CEF-BAF6-4364-B8AF-CEAD1EA02911} = {24509570-45D6-4A8C-AED4-D1790B3251E1}
	EndGlobalSection
	GlobalSection(ExtensibilityGlobals) = postSolution
		SolutionGuid = {587B9C95-1550-4004-A3BE-AEAE914FD763}
	EndGlobalSection
EndGlobal
